// !$*UTF8*$!
{
	archiveVersion = 1;
	classes = {
	};
	objectVersion = 55;
	objects = {

/* Begin PBXBuildFile section */
		90D8265C28B2B413006BE870 /* SearchCellView.swift in Sources */ = {isa = PBXBuildFile; fileRef = 90D8265B28B2B413006BE870 /* SearchCellView.swift */; };
		90D8265E28B2D070006BE870 /* SearchDetailsView.swift in Sources */ = {isa = PBXBuildFile; fileRef = 90D8265D28B2D070006BE870 /* SearchDetailsView.swift */; };
		90D9345C28B17FC90073AB9B /* FeedMeApp.swift in Sources */ = {isa = PBXBuildFile; fileRef = 90D9345B28B17FC90073AB9B /* FeedMeApp.swift */; };
		90D9345E28B17FC90073AB9B /* ContentView.swift in Sources */ = {isa = PBXBuildFile; fileRef = 90D9345D28B17FC90073AB9B /* ContentView.swift */; };
		90D9346028B17FCA0073AB9B /* Assets.xcassets in Resources */ = {isa = PBXBuildFile; fileRef = 90D9345F28B17FCA0073AB9B /* Assets.xcassets */; };
		90D9346328B17FCA0073AB9B /* Preview Assets.xcassets in Resources */ = {isa = PBXBuildFile; fileRef = 90D9346228B17FCA0073AB9B /* Preview Assets.xcassets */; };
		90D9347128B183260073AB9B /* LoginView.swift in Sources */ = {isa = PBXBuildFile; fileRef = 90D9347028B183260073AB9B /* LoginView.swift */; };
		90D9347328B183570073AB9B /* MainView.swift in Sources */ = {isa = PBXBuildFile; fileRef = 90D9347228B183570073AB9B /* MainView.swift */; };
		90D9347528B184560073AB9B /* SearchView.swift in Sources */ = {isa = PBXBuildFile; fileRef = 90D9347428B184560073AB9B /* SearchView.swift */; };
		90D9347728B184890073AB9B /* FavoritesView.swift in Sources */ = {isa = PBXBuildFile; fileRef = 90D9347628B184890073AB9B /* FavoritesView.swift */; };
		90D9347A28B187590073AB9B /* Landmark.swift in Sources */ = {isa = PBXBuildFile; fileRef = 90D9347928B187590073AB9B /* Landmark.swift */; };
		90D9347C28B188C20073AB9B /* LocationManager.swift in Sources */ = {isa = PBXBuildFile; fileRef = 90D9347B28B188C20073AB9B /* LocationManager.swift */; };
		90F54CAC28B3293700CCB422 /* AnnotationView.swift in Sources */ = {isa = PBXBuildFile; fileRef = 90F54CAB28B3293700CCB422 /* AnnotationView.swift */; };
		90F6A50A28B2907C00F7BA7F /* SearchViewModel.swift in Sources */ = {isa = PBXBuildFile; fileRef = 90F6A50928B2907C00F7BA7F /* SearchViewModel.swift */; };
/* End PBXBuildFile section */

/* Begin PBXFileReference section */
		90D8265B28B2B413006BE870 /* SearchCellView.swift */ = {isa = PBXFileReference; lastKnownFileType = sourcecode.swift; path = SearchCellView.swift; sourceTree = "<group>"; };
		90D8265D28B2D070006BE870 /* SearchDetailsView.swift */ = {isa = PBXFileReference; lastKnownFileType = sourcecode.swift; path = SearchDetailsView.swift; sourceTree = "<group>"; };
		90D9345828B17FC90073AB9B /* FeedMe.app */ = {isa = PBXFileReference; explicitFileType = wrapper.application; includeInIndex = 0; path = FeedMe.app; sourceTree = BUILT_PRODUCTS_DIR; };
		90D9345B28B17FC90073AB9B /* FeedMeApp.swift */ = {isa = PBXFileReference; lastKnownFileType = sourcecode.swift; path = FeedMeApp.swift; sourceTree = "<group>"; };
		90D9345D28B17FC90073AB9B /* ContentView.swift */ = {isa = PBXFileReference; lastKnownFileType = sourcecode.swift; path = ContentView.swift; sourceTree = "<group>"; };
		90D9345F28B17FCA0073AB9B /* Assets.xcassets */ = {isa = PBXFileReference; lastKnownFileType = folder.assetcatalog; path = Assets.xcassets; sourceTree = "<group>"; };
		90D9346228B17FCA0073AB9B /* Preview Assets.xcassets */ = {isa = PBXFileReference; lastKnownFileType = folder.assetcatalog; path = "Preview Assets.xcassets"; sourceTree = "<group>"; };
		90D9347028B183260073AB9B /* LoginView.swift */ = {isa = PBXFileReference; lastKnownFileType = sourcecode.swift; path = LoginView.swift; sourceTree = "<group>"; };
		90D9347228B183570073AB9B /* MainView.swift */ = {isa = PBXFileReference; lastKnownFileType = sourcecode.swift; path = MainView.swift; sourceTree = "<group>"; };
		90D9347428B184560073AB9B /* SearchView.swift */ = {isa = PBXFileReference; lastKnownFileType = sourcecode.swift; path = SearchView.swift; sourceTree = "<group>"; };
		90D9347628B184890073AB9B /* FavoritesView.swift */ = {isa = PBXFileReference; lastKnownFileType = sourcecode.swift; path = FavoritesView.swift; sourceTree = "<group>"; };
		90D9347928B187590073AB9B /* Landmark.swift */ = {isa = PBXFileReference; lastKnownFileType = sourcecode.swift; path = Landmark.swift; sourceTree = "<group>"; };
		90D9347B28B188C20073AB9B /* LocationManager.swift */ = {isa = PBXFileReference; lastKnownFileType = sourcecode.swift; path = LocationManager.swift; sourceTree = "<group>"; };
		90F54CAB28B3293700CCB422 /* AnnotationView.swift */ = {isa = PBXFileReference; lastKnownFileType = sourcecode.swift; path = AnnotationView.swift; sourceTree = "<group>"; };
		90F54CAD28B32AA800CCB422 /* Info.plist */ = {isa = PBXFileReference; lastKnownFileType = text.plist; path = Info.plist; sourceTree = "<group>"; };
		90F6A50928B2907C00F7BA7F /* SearchViewModel.swift */ = {isa = PBXFileReference; lastKnownFileType = sourcecode.swift; path = SearchViewModel.swift; sourceTree = "<group>"; };
/* End PBXFileReference section */

/* Begin PBXFrameworksBuildPhase section */
		90D9345528B17FC90073AB9B /* Frameworks */ = {
			isa = PBXFrameworksBuildPhase;
			buildActionMask = 2147483647;
			files = (
			);
			runOnlyForDeploymentPostprocessing = 0;
		};
/* End PBXFrameworksBuildPhase section */

/* Begin PBXGroup section */
		90D9344F28B17FC90073AB9B = {
			isa = PBXGroup;
			children = (
				90D9345A28B17FC90073AB9B /* FeedMe */,
				90D9345928B17FC90073AB9B /* Products */,
			);
			sourceTree = "<group>";
		};
		90D9345928B17FC90073AB9B /* Products */ = {
			isa = PBXGroup;
			children = (
				90D9345828B17FC90073AB9B /* FeedMe.app */,
			);
			name = Products;
			sourceTree = "<group>";
		};
		90D9345A28B17FC90073AB9B /* FeedMe */ = {
			isa = PBXGroup;
			children = (
				90F54CAD28B32AA800CCB422 /* Info.plist */,
				90D9346928B180160073AB9B /* App */,
				90D9347D28B18EF00073AB9B /* Extensions */,
				90D9346B28B1802B0073AB9B /* Views */,
				90D9346C28B180340073AB9B /* ViewModel */,
				90D9346A28B180220073AB9B /* Model */,
				90D9346D28B180410073AB9B /* Managers */,
				90D9345F28B17FCA0073AB9B /* Assets.xcassets */,
				90D9346128B17FCA0073AB9B /* Preview Content */,
			);
			path = FeedMe;
			sourceTree = "<group>";
		};
		90D9346128B17FCA0073AB9B /* Preview Content */ = {
			isa = PBXGroup;
			children = (
				90D9346228B17FCA0073AB9B /* Preview Assets.xcassets */,
			);
			path = "Preview Content";
			sourceTree = "<group>";
		};
		90D9346928B180160073AB9B /* App */ = {
			isa = PBXGroup;
			children = (
				90D9345B28B17FC90073AB9B /* FeedMeApp.swift */,
			);
			path = App;
			sourceTree = "<group>";
		};
		90D9346A28B180220073AB9B /* Model */ = {
			isa = PBXGroup;
			children = (
				90D9347928B187590073AB9B /* Landmark.swift */,
			);
			path = Model;
			sourceTree = "<group>";
		};
		90D9346B28B1802B0073AB9B /* Views */ = {
			isa = PBXGroup;
			children = (
				90D9346F28B183170073AB9B /* Main */,
				90D9346E28B1830D0073AB9B /* Login */,
			);
			path = Views;
			sourceTree = "<group>";
		};
		90D9346C28B180340073AB9B /* ViewModel */ = {
			isa = PBXGroup;
			children = (
				90F6A50928B2907C00F7BA7F /* SearchViewModel.swift */,
			);
			path = ViewModel;
			sourceTree = "<group>";
		};
		90D9346D28B180410073AB9B /* Managers */ = {
			isa = PBXGroup;
			children = (
				90D9347B28B188C20073AB9B /* LocationManager.swift */,
			);
			path = Managers;
			sourceTree = "<group>";
		};
		90D9346E28B1830D0073AB9B /* Login */ = {
			isa = PBXGroup;
			children = (
				90D9347028B183260073AB9B /* LoginView.swift */,
			);
			path = Login;
			sourceTree = "<group>";
		};
		90D9346F28B183170073AB9B /* Main */ = {
			isa = PBXGroup;
			children = (
				90D9345D28B17FC90073AB9B /* ContentView.swift */,
				90D9347228B183570073AB9B /* MainView.swift */,
				90D9347428B184560073AB9B /* SearchView.swift */,
				90D8265B28B2B413006BE870 /* SearchCellView.swift */,
				90D8265D28B2D070006BE870 /* SearchDetailsView.swift */,
				90D9347628B184890073AB9B /* FavoritesView.swift */,
				90F54CAB28B3293700CCB422 /* AnnotationView.swift */,
			);
			path = Main;
			sourceTree = "<group>";
		};
		90D9347D28B18EF00073AB9B /* Extensions */ = {
			isa = PBXGroup;
			children = (
			);
			path = Extensions;
			sourceTree = "<group>";
		};
/* End PBXGroup section */

/* Begin PBXNativeTarget section */
		90D9345728B17FC90073AB9B /* FeedMe */ = {
			isa = PBXNativeTarget;
			buildConfigurationList = 90D9346628B17FCA0073AB9B /* Build configuration list for PBXNativeTarget "FeedMe" */;
			buildPhases = (
				90D9345428B17FC90073AB9B /* Sources */,
				90D9345528B17FC90073AB9B /* Frameworks */,
				90D9345628B17FC90073AB9B /* Resources */,
			);
			buildRules = (
			);
			dependencies = (
			);
			name = FeedMe;
			productName = FeedMe;
			productReference = 90D9345828B17FC90073AB9B /* FeedMe.app */;
			productType = "com.apple.product-type.application";
		};
/* End PBXNativeTarget section */

/* Begin PBXProject section */
		90D9345028B17FC90073AB9B /* Project object */ = {
			isa = PBXProject;
			attributes = {
				BuildIndependentTargetsInParallel = 1;
				LastSwiftUpdateCheck = 1340;
				LastUpgradeCheck = 1340;
				TargetAttributes = {
					90D9345728B17FC90073AB9B = {
						CreatedOnToolsVersion = 13.4.1;
					};
				};
			};
			buildConfigurationList = 90D9345328B17FC90073AB9B /* Build configuration list for PBXProject "FeedMe" */;
			compatibilityVersion = "Xcode 13.0";
			developmentRegion = en;
			hasScannedForEncodings = 0;
			knownRegions = (
				en,
				Base,
			);
			mainGroup = 90D9344F28B17FC90073AB9B;
			productRefGroup = 90D9345928B17FC90073AB9B /* Products */;
			projectDirPath = "";
			projectRoot = "";
			targets = (
				90D9345728B17FC90073AB9B /* FeedMe */,
			);
		};
/* End PBXProject section */

/* Begin PBXResourcesBuildPhase section */
		90D9345628B17FC90073AB9B /* Resources */ = {
			isa = PBXResourcesBuildPhase;
			buildActionMask = 2147483647;
			files = (
				90D9346328B17FCA0073AB9B /* Preview Assets.xcassets in Resources */,
				90D9346028B17FCA0073AB9B /* Assets.xcassets in Resources */,
			);
			runOnlyForDeploymentPostprocessing = 0;
		};
/* End PBXResourcesBuildPhase section */

/* Begin PBXSourcesBuildPhase section */
		90D9345428B17FC90073AB9B /* Sources */ = {
			isa = PBXSourcesBuildPhase;
			buildActionMask = 2147483647;
			files = (
				90D9347A28B187590073AB9B /* Landmark.swift in Sources */,
				90F54CAC28B3293700CCB422 /* AnnotationView.swift in Sources */,
				90D8265E28B2D070006BE870 /* SearchDetailsView.swift in Sources */,
				90D9347528B184560073AB9B /* SearchView.swift in Sources */,
				90D9347128B183260073AB9B /* LoginView.swift in Sources */,
				90D9347728B184890073AB9B /* FavoritesView.swift in Sources */,
				90D9347C28B188C20073AB9B /* LocationManager.swift in Sources */,
				90D9347328B183570073AB9B /* MainView.swift in Sources */,
				90F6A50A28B2907C00F7BA7F /* SearchViewModel.swift in Sources */,
				90D8265C28B2B413006BE870 /* SearchCellView.swift in Sources */,
				90D9345E28B17FC90073AB9B /* ContentView.swift in Sources */,
				90D9345C28B17FC90073AB9B /* FeedMeApp.swift in Sources */,
			);
			runOnlyForDeploymentPostprocessing = 0;
		};
/* End PBXSourcesBuildPhase section */

/* Begin XCBuildConfiguration section */
		90D9346428B17FCA0073AB9B /* Debug */ = {
			isa = XCBuildConfiguration;
			buildSettings = {
				ALWAYS_SEARCH_USER_PATHS = NO;
				CLANG_ANALYZER_NONNULL = YES;
				CLANG_ANALYZER_NUMBER_OBJECT_CONVERSION = YES_AGGRESSIVE;
				CLANG_CXX_LANGUAGE_STANDARD = "gnu++17";
				CLANG_ENABLE_MODULES = YES;
				CLANG_ENABLE_OBJC_ARC = YES;
				CLANG_ENABLE_OBJC_WEAK = YES;
				CLANG_WARN_BLOCK_CAPTURE_AUTORELEASING = YES;
				CLANG_WARN_BOOL_CONVERSION = YES;
				CLANG_WARN_COMMA = YES;
				CLANG_WARN_CONSTANT_CONVERSION = YES;
				CLANG_WARN_DEPRECATED_OBJC_IMPLEMENTATIONS = YES;
				CLANG_WARN_DIRECT_OBJC_ISA_USAGE = YES_ERROR;
				CLANG_WARN_DOCUMENTATION_COMMENTS = YES;
				CLANG_WARN_EMPTY_BODY = YES;
				CLANG_WARN_ENUM_CONVERSION = YES;
				CLANG_WARN_INFINITE_RECURSION = YES;
				CLANG_WARN_INT_CONVERSION = YES;
				CLANG_WARN_NON_LITERAL_NULL_CONVERSION = YES;
				CLANG_WARN_OBJC_IMPLICIT_RETAIN_SELF = YES;
				CLANG_WARN_OBJC_LITERAL_CONVERSION = YES;
				CLANG_WARN_OBJC_ROOT_CLASS = YES_ERROR;
				CLANG_WARN_QUOTED_INCLUDE_IN_FRAMEWORK_HEADER = YES;
				CLANG_WARN_RANGE_LOOP_ANALYSIS = YES;
				CLANG_WARN_STRICT_PROTOTYPES = YES;
				CLANG_WARN_SUSPICIOUS_MOVE = YES;
				CLANG_WARN_UNGUARDED_AVAILABILITY = YES_AGGRESSIVE;
				CLANG_WARN_UNREACHABLE_CODE = YES;
				CLANG_WARN__DUPLICATE_METHOD_MATCH = YES;
				COPY_PHASE_STRIP = NO;
				DEBUG_INFORMATION_FORMAT = dwarf;
				ENABLE_STRICT_OBJC_MSGSEND = YES;
				ENABLE_TESTABILITY = YES;
				GCC_C_LANGUAGE_STANDARD = gnu11;
				GCC_DYNAMIC_NO_PIC = NO;
				GCC_NO_COMMON_BLOCKS = YES;
				GCC_OPTIMIZATION_LEVEL = 0;
				GCC_PREPROCESSOR_DEFINITIONS = (
					"DEBUG=1",
					"$(inherited)",
				);
				GCC_WARN_64_TO_32_BIT_CONVERSION = YES;
				GCC_WARN_ABOUT_RETURN_TYPE = YES_ERROR;
				GCC_WARN_UNDECLARED_SELECTOR = YES;
				GCC_WARN_UNINITIALIZED_AUTOS = YES_AGGRESSIVE;
				GCC_WARN_UNUSED_FUNCTION = YES;
				GCC_WARN_UNUSED_VARIABLE = YES;
				IPHONEOS_DEPLOYMENT_TARGET = 15.5;
				MTL_ENABLE_DEBUG_INFO = INCLUDE_SOURCE;
				MTL_FAST_MATH = YES;
				ONLY_ACTIVE_ARCH = YES;
				SDKROOT = iphoneos;
				SWIFT_ACTIVE_COMPILATION_CONDITIONS = DEBUG;
				SWIFT_OPTIMIZATION_LEVEL = "-Onone";
			};
			name = Debug;
		};
		90D9346528B17FCA0073AB9B /* Release */ = {
			isa = XCBuildConfiguration;
			buildSettings = {
				ALWAYS_SEARCH_USER_PATHS = NO;
				CLANG_ANALYZER_NONNULL = YES;
				CLANG_ANALYZER_NUMBER_OBJECT_CONVERSION = YES_AGGRESSIVE;
				CLANG_CXX_LANGUAGE_STANDARD = "gnu++17";
				CLANG_ENABLE_MODULES = YES;
				CLANG_ENABLE_OBJC_ARC = YES;
				CLANG_ENABLE_OBJC_WEAK = YES;
				CLANG_WARN_BLOCK_CAPTURE_AUTORELEASING = YES;
				CLANG_WARN_BOOL_CONVERSION = YES;
				CLANG_WARN_COMMA = YES;
				CLANG_WARN_CONSTANT_CONVERSION = YES;
				CLANG_WARN_DEPRECATED_OBJC_IMPLEMENTATIONS = YES;
				CLANG_WARN_DIRECT_OBJC_ISA_USAGE = YES_ERROR;
				CLANG_WARN_DOCUMENTATION_COMMENTS = YES;
				CLANG_WARN_EMPTY_BODY = YES;
				CLANG_WARN_ENUM_CONVERSION = YES;
				CLANG_WARN_INFINITE_RECURSION = YES;
				CLANG_WARN_INT_CONVERSION = YES;
				CLANG_WARN_NON_LITERAL_NULL_CONVERSION = YES;
				CLANG_WARN_OBJC_IMPLICIT_RETAIN_SELF = YES;
				CLANG_WARN_OBJC_LITERAL_CONVERSION = YES;
				CLANG_WARN_OBJC_ROOT_CLASS = YES_ERROR;
				CLANG_WARN_QUOTED_INCLUDE_IN_FRAMEWORK_HEADER = YES;
				CLANG_WARN_RANGE_LOOP_ANALYSIS = YES;
				CLANG_WARN_STRICT_PROTOTYPES = YES;
				CLANG_WARN_SUSPICIOUS_MOVE = YES;
				CLANG_WARN_UNGUARDED_AVAILABILITY = YES_AGGRESSIVE;
				CLANG_WARN_UNREACHABLE_CODE = YES;
				CLANG_WARN__DUPLICATE_METHOD_MATCH = YES;
				COPY_PHASE_STRIP = NO;
				DEBUG_INFORMATION_FORMAT = "dwarf-with-dsym";
				ENABLE_NS_ASSERTIONS = NO;
				ENABLE_STRICT_OBJC_MSGSEND = YES;
				GCC_C_LANGUAGE_STANDARD = gnu11;
				GCC_NO_COMMON_BLOCKS = YES;
				GCC_WARN_64_TO_32_BIT_CONVERSION = YES;
				GCC_WARN_ABOUT_RETURN_TYPE = YES_ERROR;
				GCC_WARN_UNDECLARED_SELECTOR = YES;
				GCC_WARN_UNINITIALIZED_AUTOS = YES_AGGRESSIVE;
				GCC_WARN_UNUSED_FUNCTION = YES;
				GCC_WARN_UNUSED_VARIABLE = YES;
				IPHONEOS_DEPLOYMENT_TARGET = 15.5;
				MTL_ENABLE_DEBUG_INFO = NO;
				MTL_FAST_MATH = YES;
				SDKROOT = iphoneos;
				SWIFT_COMPILATION_MODE = wholemodule;
				SWIFT_OPTIMIZATION_LEVEL = "-O";
				VALIDATE_PRODUCT = YES;
			};
			name = Release;
		};
		90D9346728B17FCA0073AB9B /* Debug */ = {
			isa = XCBuildConfiguration;
			buildSettings = {
				ASSETCATALOG_COMPILER_APPICON_NAME = AppIcon;
				ASSETCATALOG_COMPILER_GLOBAL_ACCENT_COLOR_NAME = AccentColor;
				CODE_SIGN_STYLE = Automatic;
				CURRENT_PROJECT_VERSION = 1;
				DEVELOPMENT_ASSET_PATHS = "\"FeedMe/Preview Content\"";
				DEVELOPMENT_TEAM = 38CU8Z7F4U;
				ENABLE_PREVIEWS = YES;
				GENERATE_INFOPLIST_FILE = YES;
				INFOPLIST_FILE = FeedMe/Info.plist;
				INFOPLIST_KEY_NSLocationAlwaysAndWhenInUseUsageDescription = "FeedMe app requires your location for searching near by resteraunts.";
				INFOPLIST_KEY_NSLocationWhenInUseUsageDescription = "FeedMe app requires your location for searching near by resteraunts.";
				INFOPLIST_KEY_UIApplicationSceneManifest_Generation = YES;
				INFOPLIST_KEY_UIApplicationSupportsIndirectInputEvents = YES;
				INFOPLIST_KEY_UILaunchScreen_Generation = YES;
				INFOPLIST_KEY_UISupportedInterfaceOrientations_iPad = "UIInterfaceOrientationPortrait UIInterfaceOrientationPortraitUpsideDown UIInterfaceOrientationLandscapeLeft UIInterfaceOrientationLandscapeRight";
				INFOPLIST_KEY_UISupportedInterfaceOrientations_iPhone = "UIInterfaceOrientationPortrait UIInterfaceOrientationLandscapeLeft UIInterfaceOrientationLandscapeRight";
				LD_RUNPATH_SEARCH_PATHS = (
					"$(inherited)",
					"@executable_path/Frameworks",
				);
				MARKETING_VERSION = 1.0;
				PRODUCT_BUNDLE_IDENTIFIER = com.davidbratton.FeedMe;
				PRODUCT_NAME = "$(TARGET_NAME)";
				SWIFT_EMIT_LOC_STRINGS = YES;
				SWIFT_VERSION = 5.0;
				TARGETED_DEVICE_FAMILY = "1,2";
			};
			name = Debug;
		};
		90D9346828B17FCA0073AB9B /* Release */ = {
			isa = XCBuildConfiguration;
			buildSettings = {
				ASSETCATALOG_COMPILER_APPICON_NAME = AppIcon;
				ASSETCATALOG_COMPILER_GLOBAL_ACCENT_COLOR_NAME = AccentColor;
				CODE_SIGN_STYLE = Automatic;
				CURRENT_PROJECT_VERSION = 1;
				DEVELOPMENT_ASSET_PATHS = "\"FeedMe/Preview Content\"";
				DEVELOPMENT_TEAM = 38CU8Z7F4U;
				ENABLE_PREVIEWS = YES;
				GENERATE_INFOPLIST_FILE = YES;
				INFOPLIST_FILE = FeedMe/Info.plist;
				INFOPLIST_KEY_NSLocationAlwaysAndWhenInUseUsageDescription = "FeedMe app requires your location for searching near by resteraunts.";
				INFOPLIST_KEY_NSLocationWhenInUseUsageDescription = "FeedMe app requires your location for searching near by resteraunts.";
				INFOPLIST_KEY_UIApplicationSceneManifest_Generation = YES;
				INFOPLIST_KEY_UIApplicationSupportsIndirectInputEvents = YES;
				INFOPLIST_KEY_UILaunchScreen_Generation = YES;
				INFOPLIST_KEY_UISupportedInterfaceOrientations_iPad = "UIInterfaceOrientationPortrait UIInterfaceOrientationPortraitUpsideDown UIInterfaceOrientationLandscapeLeft UIInterfaceOrientationLandscapeRight";
				INFOPLIST_KEY_UISupportedInterfaceOrientations_iPhone = "UIInterfaceOrientationPortrait UIInterfaceOrientationLandscapeLeft UIInterfaceOrientationLandscapeRight";
				LD_RUNPATH_SEARCH_PATHS = (
					"$(inherited)",
					"@executable_path/Frameworks",
				);
				MARKETING_VERSION = 1.0;
				PRODUCT_BUNDLE_IDENTIFIER = com.davidbratton.FeedMe;
				PRODUCT_NAME = "$(TARGET_NAME)";
				SWIFT_EMIT_LOC_STRINGS = YES;
				SWIFT_VERSION = 5.0;
				TARGETED_DEVICE_FAMILY = "1,2";
			};
			name = Release;
		};
/* End XCBuildConfiguration section */

/* Begin XCConfigurationList section */
		90D9345328B17FC90073AB9B /* Build configuration list for PBXProject "FeedMe" */ = {
			isa = XCConfigurationList;
			buildConfigurations = (
				90D9346428B17FCA0073AB9B /* Debug */,
				90D9346528B17FCA0073AB9B /* Release */,
			);
			defaultConfigurationIsVisible = 0;
			defaultConfigurationName = Release;
		};
		90D9346628B17FCA0073AB9B /* Build configuration list for PBXNativeTarget "FeedMe" */ = {
			isa = XCConfigurationList;
			buildConfigurations = (
				90D9346728B17FCA0073AB9B /* Debug */,
				90D9346828B17FCA0073AB9B /* Release */,
			);
			defaultConfigurationIsVisible = 0;
			defaultConfigurationName = Release;
		};
/* End XCConfigurationList section */
	};
	rootObject = 90D9345028B17FC90073AB9B /* Project object */;
}
